// !$*UTF8*$!
{
	archiveVersion = 1;
	classes = {
	};
	objectVersion = 50;
	objects = {

/* Begin PBXBuildFile section */
		1F897C61211C7AB000A807E5 /* AppDelegate.swift in Sources */ = {isa = PBXBuildFile; fileRef = 1F897C60211C7AB000A807E5 /* AppDelegate.swift */; };
		1F897C63211C7AB000A807E5 /* ViewController.swift in Sources */ = {isa = PBXBuildFile; fileRef = 1F897C62211C7AB000A807E5 /* ViewController.swift */; };
		1F897C66211C7AB000A807E5 /* Main.storyboard in Resources */ = {isa = PBXBuildFile; fileRef = 1F897C64211C7AB000A807E5 /* Main.storyboard */; };
		1F897C68211C7AB100A807E5 /* Assets.xcassets in Resources */ = {isa = PBXBuildFile; fileRef = 1F897C67211C7AB100A807E5 /* Assets.xcassets */; };
		1F897C6B211C7AB100A807E5 /* LaunchScreen.storyboard in Resources */ = {isa = PBXBuildFile; fileRef = 1F897C69211C7AB100A807E5 /* LaunchScreen.storyboard */; };
		A346A40A5DCBF9D3F21C0397 /* Pods_Awesome_Flickr.framework in Frameworks */ = {isa = PBXBuildFile; fileRef = 4D3399744D61358650EB69FE /* Pods_Awesome_Flickr.framework */; };
/* End PBXBuildFile section */

/* Begin PBXFileReference section */
		1F897C5D211C7AB000A807E5 /* Awesome Flickr.app */ = {isa = PBXFileReference; explicitFileType = wrapper.application; includeInIndex = 0; path = "Awesome Flickr.app"; sourceTree = BUILT_PRODUCTS_DIR; };
		1F897C60211C7AB000A807E5 /* AppDelegate.swift */ = {isa = PBXFileReference; lastKnownFileType = sourcecode.swift; path = AppDelegate.swift; sourceTree = "<group>"; };
		1F897C62211C7AB000A807E5 /* ViewController.swift */ = {isa = PBXFileReference; lastKnownFileType = sourcecode.swift; path = ViewController.swift; sourceTree = "<group>"; };
		1F897C65211C7AB000A807E5 /* Base */ = {isa = PBXFileReference; lastKnownFileType = file.storyboard; name = Base; path = Base.lproj/Main.storyboard; sourceTree = "<group>"; };
		1F897C67211C7AB100A807E5 /* Assets.xcassets */ = {isa = PBXFileReference; lastKnownFileType = folder.assetcatalog; path = Assets.xcassets; sourceTree = "<group>"; };
		1F897C6A211C7AB100A807E5 /* Base */ = {isa = PBXFileReference; lastKnownFileType = file.storyboard; name = Base; path = Base.lproj/LaunchScreen.storyboard; sourceTree = "<group>"; };
		1F897C6C211C7AB100A807E5 /* Info.plist */ = {isa = PBXFileReference; lastKnownFileType = text.plist.xml; path = Info.plist; sourceTree = "<group>"; };
		4D3399744D61358650EB69FE /* Pods_Awesome_Flickr.framework */ = {isa = PBXFileReference; explicitFileType = wrapper.framework; includeInIndex = 0; path = Pods_Awesome_Flickr.framework; sourceTree = BUILT_PRODUCTS_DIR; };
		BC4B04262715116C6427106F /* Pods-Awesome Flickr.debug.xcconfig */ = {isa = PBXFileReference; includeInIndex = 1; lastKnownFileType = text.xcconfig; name = "Pods-Awesome Flickr.debug.xcconfig"; path = "Pods/Target Support Files/Pods-Awesome Flickr/Pods-Awesome Flickr.debug.xcconfig"; sourceTree = "<group>"; };
		D7740CB16927E7C0BEECF386 /* Pods-Awesome Flickr.release.xcconfig */ = {isa = PBXFileReference; includeInIndex = 1; lastKnownFileType = text.xcconfig; name = "Pods-Awesome Flickr.release.xcconfig"; path = "Pods/Target Support Files/Pods-Awesome Flickr/Pods-Awesome Flickr.release.xcconfig"; sourceTree = "<group>"; };
/* End PBXFileReference section */

/* Begin PBXFrameworksBuildPhase section */
		1F897C5A211C7AB000A807E5 /* Frameworks */ = {
			isa = PBXFrameworksBuildPhase;
			buildActionMask = 2147483647;
			files = (
				A346A40A5DCBF9D3F21C0397 /* Pods_Awesome_Flickr.framework in Frameworks */,
			);
			runOnlyForDeploymentPostprocessing = 0;
		};
/* End PBXFrameworksBuildPhase section */

/* Begin PBXGroup section */
		0BEA33136FF34870C88093F3 /* Pods */ = {
			isa = PBXGroup;
			children = (
				BC4B04262715116C6427106F /* Pods-Awesome Flickr.debug.xcconfig */,
				D7740CB16927E7C0BEECF386 /* Pods-Awesome Flickr.release.xcconfig */,
			);
			name = Pods;
			sourceTree = "<group>";
		};
		1F897C54211C7AB000A807E5 = {
			isa = PBXGroup;
			children = (
				1F897C5F211C7AB000A807E5 /* Awesome Flickr */,
				1F897C5E211C7AB000A807E5 /* Products */,
				0BEA33136FF34870C88093F3 /* Pods */,
				27CDE3F70CB7B3FB6CDBB122 /* Frameworks */,
			);
			sourceTree = "<group>";
		};
		1F897C5E211C7AB000A807E5 /* Products */ = {
			isa = PBXGroup;
			children = (
				1F897C5D211C7AB000A807E5 /* Awesome Flickr.app */,
			);
			name = Products;
			sourceTree = "<group>";
		};
		1F897C5F211C7AB000A807E5 /* Awesome Flickr */ = {
			isa = PBXGroup;
			children = (
				1F897C60211C7AB000A807E5 /* AppDelegate.swift */,
				1F897C62211C7AB000A807E5 /* ViewController.swift */,
				1F897C64211C7AB000A807E5 /* Main.storyboard */,
				1F897C67211C7AB100A807E5 /* Assets.xcassets */,
				1F897C69211C7AB100A807E5 /* LaunchScreen.storyboard */,
				1F897C6C211C7AB100A807E5 /* Info.plist */,
			);
			path = "Awesome Flickr";
			sourceTree = "<group>";
		};
		27CDE3F70CB7B3FB6CDBB122 /* Frameworks */ = {
			isa = PBXGroup;
			children = (
				4D3399744D61358650EB69FE /* Pods_Awesome_Flickr.framework */,
			);
			name = Frameworks;
			sourceTree = "<group>";
		};
/* End PBXGroup section */

/* Begin PBXNativeTarget section */
		1F897C5C211C7AB000A807E5 /* Awesome Flickr */ = {
			isa = PBXNativeTarget;
			buildConfigurationList = 1F897C6F211C7AB100A807E5 /* Build configuration list for PBXNativeTarget "Awesome Flickr" */;
			buildPhases = (
				9C1D3C2397DDA24F8606B523 /* [CP] Check Pods Manifest.lock */,
				1F897C59211C7AB000A807E5 /* Sources */,
				1F897C5A211C7AB000A807E5 /* Frameworks */,
				1F897C5B211C7AB000A807E5 /* Resources */,
				1EE141BC159610F3B29D1042 /* [CP] Embed Pods Frameworks */,
			);
			buildRules = (
			);
			dependencies = (
			);
			name = "Awesome Flickr";
			productName = "Awesome Flickr";
			productReference = 1F897C5D211C7AB000A807E5 /* Awesome Flickr.app */;
			productType = "com.apple.product-type.application";
		};
/* End PBXNativeTarget section */

/* Begin PBXProject section */
		1F897C55211C7AB000A807E5 /* Project object */ = {
			isa = PBXProject;
			attributes = {
				LastSwiftUpdateCheck = 0940;
				LastUpgradeCheck = 0940;
				ORGANIZATIONNAME = Aleksandr;
				TargetAttributes = {
					1F897C5C211C7AB000A807E5 = {
						CreatedOnToolsVersion = 9.4.1;
					};
				};
			};
			buildConfigurationList = 1F897C58211C7AB000A807E5 /* Build configuration list for PBXProject "Awesome Flickr" */;
			compatibilityVersion = "Xcode 9.3";
			developmentRegion = en;
			hasScannedForEncodings = 0;
			knownRegions = (
				en,
				Base,
			);
			mainGroup = 1F897C54211C7AB000A807E5;
			productRefGroup = 1F897C5E211C7AB000A807E5 /* Products */;
			projectDirPath = "";
			projectRoot = "";
			targets = (
				1F897C5C211C7AB000A807E5 /* Awesome Flickr */,
			);
		};
/* End PBXProject section */

/* Begin PBXResourcesBuildPhase section */
		1F897C5B211C7AB000A807E5 /* Resources */ = {
			isa = PBXResourcesBuildPhase;
			buildActionMask = 2147483647;
			files = (
				1F897C6B211C7AB100A807E5 /* LaunchScreen.storyboard in Resources */,
				1F897C68211C7AB100A807E5 /* Assets.xcassets in Resources */,
				1F897C66211C7AB000A807E5 /* Main.storyboard in Resources */,
			);
			runOnlyForDeploymentPostprocessing = 0;
		};
/* End PBXResourcesBuildPhase section */

/* Begin PBXShellScriptBuildPhase section */
		1EE141BC159610F3B29D1042 /* [CP] Embed Pods Frameworks */ = {
			isa = PBXShellScriptBuildPhase;
			buildActionMask = 2147483647;
			files = (
			);
			inputPaths = (
				"${SRCROOT}/Pods/Target Support Files/Pods-Awesome Flickr/Pods-Awesome Flickr-frameworks.sh",
				"${BUILT_PRODUCTS_DIR}/Alamofire/Alamofire.framework",
				"${BUILT_PRODUCTS_DIR}/SwiftyJSON/SwiftyJSON.framework",
			);
			name = "[CP] Embed Pods Frameworks";
			outputPaths = (
				"${TARGET_BUILD_DIR}/${FRAMEWORKS_FOLDER_PATH}/Alamofire.framework",
				"${TARGET_BUILD_DIR}/${FRAMEWORKS_FOLDER_PATH}/SwiftyJSON.framework",
			);
			runOnlyForDeploymentPostprocessing = 0;
			shellPath = /bin/sh;
			shellScript = "\"${SRCROOT}/Pods/Target Support Files/Pods-Awesome Flickr/Pods-Awesome Flickr-frameworks.sh\"\n";
			showEnvVarsInLog = 0;
		};
		9C1D3C2397DDA24F8606B523 /* [CP] Check Pods Manifest.lock */ = {
			isa = PBXShellScriptBuildPhase;
			buildActionMask = 2147483647;
			files = (
			);
			inputPaths = (
				"${PODS_PODFILE_DIR_PATH}/Podfile.lock",
				"${PODS_ROOT}/Manifest.lock",
			);
			name = "[CP] Check Pods Manifest.lock";
			outputPaths = (
				"$(DERIVED_FILE_DIR)/Pods-Awesome Flickr-checkManifestLockResult.txt",
			);
			runOnlyForDeploymentPostprocessing = 0;
			shellPath = /bin/sh;
			shellScript = "diff \"${PODS_PODFILE_DIR_PATH}/Podfile.lock\" \"${PODS_ROOT}/Manifest.lock\" > /dev/null\nif [ $? != 0 ] ; then\n    # print error to STDERR\n    echo \"error: The sandbox is not in sync with the Podfile.lock. Run 'pod install' or update your CocoaPods installation.\" >&2\n    exit 1\nfi\n# This output is used by Xcode 'outputs' to avoid re-running this script phase.\necho \"SUCCESS\" > \"${SCRIPT_OUTPUT_FILE_0}\"\n";
			showEnvVarsInLog = 0;
		};
/* End PBXShellScriptBuildPhase section */

/* Begin PBXSourcesBuildPhase section */
		1F897C59211C7AB000A807E5 /* Sources */ = {
			isa = PBXSourcesBuildPhase;
			buildActionMask = 2147483647;
			files = (
				1F897C63211C7AB000A807E5 /* ViewController.swift in Sources */,
				1F897C61211C7AB000A807E5 /* AppDelegate.swift in Sources */,
			);
			runOnlyForDeploymentPostprocessing = 0;
		};
/* End PBXSourcesBuildPhase section */

/* Begin PBXVariantGroup section */
		1F897C64211C7AB000A807E5 /* Main.storyboard */ = {
			isa = PBXVariantGroup;
			children = (
				1F897C65211C7AB000A807E5 /* Base */,
			);
			name = Main.storyboard;
			sourceTree = "<group>";
		};
		1F897C69211C7AB100A807E5 /* LaunchScreen.storyboard */ = {
			isa = PBXVariantGroup;
			children = (
				1F897C6A211C7AB100A807E5 /* Base */,
			);
			name = LaunchScreen.storyboard;
			sourceTree = "<group>";
		};
/* End PBXVariantGroup section */

/* Begin XCBuildConfiguration section */
		1F897C6D211C7AB100A807E5 /* Debug */ = {
			isa = XCBuildConfiguration;
			buildSettings = {
				ALWAYS_SEARCH_USER_PATHS = NO;
				CLANG_ANALYZER_NONNULL = YES;
				CLANG_ANALYZER_NUMBER_OBJECT_CONVERSION = YES_AGGRESSIVE;
				CLANG_CXX_LANGUAGE_STANDARD = "gnu++14";
				CLANG_CXX_LIBRARY = "libc++";
				CLANG_ENABLE_MODULES = YES;
				CLANG_ENABLE_OBJC_ARC = YES;
				CLANG_ENABLE_OBJC_WEAK = YES;
				CLANG_WARN_BLOCK_CAPTURE_AUTORELEASING = YES;
				CLANG_WARN_BOOL_CONVERSION = YES;
				CLANG_WARN_COMMA = YES;
				CLANG_WARN_CONSTANT_CONVERSION = YES;
				CLANG_WARN_DEPRECATED_OBJC_IMPLEMENTATIONS = YES;
				CLANG_WARN_DIRECT_OBJC_ISA_USAGE = YES_ERROR;
				CLANG_WARN_DOCUMENTATION_COMMENTS = YES;
				CLANG_WARN_EMPTY_BODY = YES;
				CLANG_WARN_ENUM_CONVERSION = YES;
				CLANG_WARN_INFINITE_RECURSION = YES;
				CLANG_WARN_INT_CONVERSION = YES;
				CLANG_WARN_NON_LITERAL_NULL_CONVERSION = YES;
				CLANG_WARN_OBJC_IMPLICIT_RETAIN_SELF = YES;
				CLANG_WARN_OBJC_LITERAL_CONVERSION = YES;
				CLANG_WARN_OBJC_ROOT_CLASS = YES_ERROR;
				CLANG_WARN_RANGE_LOOP_ANALYSIS = YES;
				CLANG_WARN_STRICT_PROTOTYPES = YES;
				CLANG_WARN_SUSPICIOUS_MOVE = YES;
				CLANG_WARN_UNGUARDED_AVAILABILITY = YES_AGGRESSIVE;
				CLANG_WARN_UNREACHABLE_CODE = YES;
				CLANG_WARN__DUPLICATE_METHOD_MATCH = YES;
				CODE_SIGN_IDENTITY = "iPhone Developer";
				COPY_PHASE_STRIP = NO;
				DEBUG_INFORMATION_FORMAT = dwarf;
				ENABLE_STRICT_OBJC_MSGSEND = YES;
				ENABLE_TESTABILITY = YES;
				GCC_C_LANGUAGE_STANDARD = gnu11;
				GCC_DYNAMIC_NO_PIC = NO;
				GCC_NO_COMMON_BLOCKS = YES;
				GCC_OPTIMIZATION_LEVEL = 0;
				GCC_PREPROCESSOR_DEFINITIONS = (
					"DEBUG=1",
					"$(inherited)",
				);
				GCC_WARN_64_TO_32_BIT_CONVERSION = YES;
				GCC_WARN_ABOUT_RETURN_TYPE = YES_ERROR;
				GCC_WARN_UNDECLARED_SELECTOR = YES;
				GCC_WARN_UNINITIALIZED_AUTOS = YES_AGGRESSIVE;
				GCC_WARN_UNUSED_FUNCTION = YES;
				GCC_WARN_UNUSED_VARIABLE = YES;
				IPHONEOS_DEPLOYMENT_TARGET = 11.4;
				MTL_ENABLE_DEBUG_INFO = YES;
				ONLY_ACTIVE_ARCH = YES;
				SDKROOT = iphoneos;
				SWIFT_ACTIVE_COMPILATION_CONDITIONS = DEBUG;
				SWIFT_OPTIMIZATION_LEVEL = "-Onone";
			};
			name = Debug;
		};
		1F897C6E211C7AB100A807E5 /* Release */ = {
			isa = XCBuildConfiguration;
			buildSettings = {
				ALWAYS_SEARCH_USER_PATHS = NO;
				CLANG_ANALYZER_NONNULL = YES;
				CLANG_ANALYZER_NUMBER_OBJECT_CONVERSION = YES_AGGRESSIVE;
				CLANG_CXX_LANGUAGE_STANDARD = "gnu++14";
				CLANG_CXX_LIBRARY = "libc++";
				CLANG_ENABLE_MODULES = YES;
				CLANG_ENABLE_OBJC_ARC = YES;
				CLANG_ENABLE_OBJC_WEAK = YES;
				CLANG_WARN_BLOCK_CAPTURE_AUTORELEASING = YES;
				CLANG_WARN_BOOL_CONVERSION = YES;
				CLANG_WARN_COMMA = YES;
				CLANG_WARN_CONSTANT_CONVERSION = YES;
				CLANG_WARN_DEPRECATED_OBJC_IMPLEMENTATIONS = YES;
				CLANG_WARN_DIRECT_OBJC_ISA_USAGE = YES_ERROR;
				CLANG_WARN_DOCUMENTATION_COMMENTS = YES;
				CLANG_WARN_EMPTY_BODY = YES;
				CLANG_WARN_ENUM_CONVERSION = YES;
				CLANG_WARN_INFINITE_RECURSION = YES;
				CLANG_WARN_INT_CONVERSION = YES;
				CLANG_WARN_NON_LITERAL_NULL_CONVERSION = YES;
				CLANG_WARN_OBJC_IMPLICIT_RETAIN_SELF = YES;
				CLANG_WARN_OBJC_LITERAL_CONVERSION = YES;
				CLANG_WARN_OBJC_ROOT_CLASS = YES_ERROR;
				CLANG_WARN_RANGE_LOOP_ANALYSIS = YES;
				CLANG_WARN_STRICT_PROTOTYPES = YES;
				CLANG_WARN_SUSPICIOUS_MOVE = YES;
				CLANG_WARN_UNGUARDED_AVAILABILITY = YES_AGGRESSIVE;
				CLANG_WARN_UNREACHABLE_CODE = YES;
				CLANG_WARN__DUPLICATE_METHOD_MATCH = YES;
				CODE_SIGN_IDENTITY = "iPhone Developer";
				COPY_PHASE_STRIP = NO;
				DEBUG_INFORMATION_FORMAT = "dwarf-with-dsym";
				ENABLE_NS_ASSERTIONS = NO;
				ENABLE_STRICT_OBJC_MSGSEND = YES;
				GCC_C_LANGUAGE_STANDARD = gnu11;
				GCC_NO_COMMON_BLOCKS = YES;
				GCC_WARN_64_TO_32_BIT_CONVERSION = YES;
				GCC_WARN_ABOUT_RETURN_TYPE = YES_ERROR;
				GCC_WARN_UNDECLARED_SELECTOR = YES;
				GCC_WARN_UNINITIALIZED_AUTOS = YES_AGGRESSIVE;
				GCC_WARN_UNUSED_FUNCTION = YES;
				GCC_WARN_UNUSED_VARIABLE = YES;
				IPHONEOS_DEPLOYMENT_TARGET = 11.4;
				MTL_ENABLE_DEBUG_INFO = NO;
				SDKROOT = iphoneos;
				SWIFT_COMPILATION_MODE = wholemodule;
				SWIFT_OPTIMIZATION_LEVEL = "-O";
				VALIDATE_PRODUCT = YES;
			};
			name = Release;
		};
		1F897C70211C7AB100A807E5 /* Debug */ = {
			isa = XCBuildConfiguration;
			baseConfigurationReference = BC4B04262715116C6427106F /* Pods-Awesome Flickr.debug.xcconfig */;
			buildSettings = {
				ASSETCATALOG_COMPILER_APPICON_NAME = AppIcon;
				CODE_SIGN_STYLE = Automatic;
				DEVELOPMENT_TEAM = 9T9EKPAPC4;
				INFOPLIST_FILE = "Awesome Flickr/Info.plist";
				LD_RUNPATH_SEARCH_PATHS = (
					"$(inherited)",
					"@executable_path/Frameworks",
				);
				PRODUCT_BUNDLE_IDENTIFIER = "com.aleksandr.aleksandrov.Awesome-Flickr";
				PRODUCT_NAME = "$(TARGET_NAME)";
				SWIFT_VERSION = 4.0;
				TARGETED_DEVICE_FAMILY = "1,2";
			};
			name = Debug;
		};
		1F897C71211C7AB100A807E5 /* Release */ = {
			isa = XCBuildConfiguration;
			baseConfigurationReference = D7740CB16927E7C0BEECF386 /* Pods-Awesome Flickr.release.xcconfig */;
			buildSettings = {
				ASSETCATALOG_COMPILER_APPICON_NAME = AppIcon;
				CODE_SIGN_STYLE = Automatic;
				DEVELOPMENT_TEAM = 9T9EKPAPC4;
				INFOPLIST_FILE = "Awesome Flickr/Info.plist";
				LD_RUNPATH_SEARCH_PATHS = (
					"$(inherited)",
					"@executable_path/Frameworks",
				);
				PRODUCT_BUNDLE_IDENTIFIER = "com.aleksandr.aleksandrov.Awesome-Flickr";
				PRODUCT_NAME = "$(TARGET_NAME)";
				SWIFT_VERSION = 4.0;
				TARGETED_DEVICE_FAMILY = "1,2";
			};
			name = Release;
		};
/* End XCBuildConfiguration section */

/* Begin XCConfigurationList section */
		1F897C58211C7AB000A807E5 /* Build configuration list for PBXProject "Awesome Flickr" */ = {
			isa = XCConfigurationList;
			buildConfigurations = (
				1F897C6D211C7AB100A807E5 /* Debug */,
				1F897C6E211C7AB100A807E5 /* Release */,
			);
			defaultConfigurationIsVisible = 0;
			defaultConfigurationName = Release;
		};
		1F897C6F211C7AB100A807E5 /* Build configuration list for PBXNativeTarget "Awesome Flickr" */ = {
			isa = XCConfigurationList;
			buildConfigurations = (
				1F897C70211C7AB100A807E5 /* Debug */,
				1F897C71211C7AB100A807E5 /* Release */,
			);
			defaultConfigurationIsVisible = 0;
			defaultConfigurationName = Release;
		};
/* End XCConfigurationList section */
	};
	rootObject = 1F897C55211C7AB000A807E5 /* Project object */;
}
